
Microsoft Visual Studio Solution File, Format Version 11.00
# Visual Studio 2010
Project("{FAE04EC0-301F-11D3-BF4B-00C04F79EFBC}") = "Xpand.ExpressApp.ImportWizard", "Xpand.ExpressApp.Modules\ImportWizard\Xpand.ExpressApp.ImportWizard.csproj", "{C0BAAF0F-9FE6-4D7D-98DC-D163EEC7B87E}"
EndProject
Project("{FAE04EC0-301F-11D3-BF4B-00C04F79EFBC}") = "Xpand.ExpressApp.IO", "Xpand.ExpressApp.Modules\IO\Xpand.ExpressApp.IO.csproj", "{32A12C8A-B9C9-4D7C-AF10-AE2CA89550F6}"
EndProject
Project("{FAE04EC0-301F-11D3-BF4B-00C04F79EFBC}") = "Xpand.ExpressApp.IO.Win", "Xpand.ExpressApp.Modules\IO.Win\Xpand.ExpressApp.IO.Win.csproj", "{EC481968-1696-43E4-837F-BCF08F393323}"
EndProject
Project("{FAE04EC0-301F-11D3-BF4B-00C04F79EFBC}") = "Xpand.Persistent.Base", "Xpand.Persistent\Xpand.Persistent.Base\Xpand.Persistent.Base.csproj", "{0E40CCB3-7904-4300-BCD6-E34D275E6370}"
EndProject
Project("{FAE04EC0-301F-11D3-BF4B-00C04F79EFBC}") = "Xpand.Persistent.BaseImpl", "Xpand.Persistent\Xpand.Persistent.BaseImpl\Xpand.Persistent.BaseImpl.csproj", "{107424FA-EE61-41B7-BA89-2FD0BC9BCEDE}"
EndProject
Project("{FAE04EC0-301F-11D3-BF4B-00C04F79EFBC}") = "Xpand.ExpressApp", "Xpand.ExpressApp\Xpand.ExpressApp\Xpand.ExpressApp.csproj", "{A85F685A-F56F-4C9A-A5A3-C2444DB4FB78}"
EndProject
Project("{FAE04EC0-301F-11D3-BF4B-00C04F79EFBC}") = "Xpand.Utils", "Xpand.Utils\Xpand.Utils.csproj", "{3FA72CCB-7AA9-4CE6-B3BD-CE6554B2D4D7}"
EndProject
Global
	GlobalSection(SolutionConfigurationPlatforms) = preSolution
		Debug|Any CPU = Debug|Any CPU
		DebugGAC|Any CPU = DebugGAC|Any CPU
		Release|Any CPU = Release|Any CPU
	EndGlobalSection
	GlobalSection(ProjectConfigurationPlatforms) = postSolution
		{C0BAAF0F-9FE6-4D7D-98DC-D163EEC7B87E}.Debug|Any CPU.ActiveCfg = Debug|Any CPU
		{C0BAAF0F-9FE6-4D7D-98DC-D163EEC7B87E}.Debug|Any CPU.Build.0 = Debug|Any CPU
		{C0BAAF0F-9FE6-4D7D-98DC-D163EEC7B87E}.DebugGAC|Any CPU.ActiveCfg = Debug|Any CPU
		{C0BAAF0F-9FE6-4D7D-98DC-D163EEC7B87E}.DebugGAC|Any CPU.Build.0 = Debug|Any CPU
		{C0BAAF0F-9FE6-4D7D-98DC-D163EEC7B87E}.Release|Any CPU.ActiveCfg = Release|Any CPU
		{C0BAAF0F-9FE6-4D7D-98DC-D163EEC7B87E}.Release|Any CPU.Build.0 = Release|Any CPU
		{32A12C8A-B9C9-4D7C-AF10-AE2CA89550F6}.Debug|Any CPU.ActiveCfg = Debug|Any CPU
		{32A12C8A-B9C9-4D7C-AF10-AE2CA89550F6}.Debug|Any CPU.Build.0 = Debug|Any CPU
		{32A12C8A-B9C9-4D7C-AF10-AE2CA89550F6}.DebugGAC|Any CPU.ActiveCfg = Debug|Any CPU
		{32A12C8A-B9C9-4D7C-AF10-AE2CA89550F6}.DebugGAC|Any CPU.Build.0 = Debug|Any CPU
		{32A12C8A-B9C9-4D7C-AF10-AE2CA89550F6}.Release|Any CPU.ActiveCfg = Release|Any CPU
		{32A12C8A-B9C9-4D7C-AF10-AE2CA89550F6}.Release|Any CPU.Build.0 = Release|Any CPU
		{EC481968-1696-43E4-837F-BCF08F393323}.Debug|Any CPU.ActiveCfg = Debug|Any CPU
		{EC481968-1696-43E4-837F-BCF08F393323}.Debug|Any CPU.Build.0 = Debug|Any CPU
		{EC481968-1696-43E4-837F-BCF08F393323}.DebugGAC|Any CPU.ActiveCfg = Debug|Any CPU
		{EC481968-1696-43E4-837F-BCF08F393323}.DebugGAC|Any CPU.Build.0 = Debug|Any CPU
		{EC481968-1696-43E4-837F-BCF08F393323}.Release|Any CPU.ActiveCfg = Release|Any CPU
		{EC481968-1696-43E4-837F-BCF08F393323}.Release|Any CPU.Build.0 = Release|Any CPU
		{0E40CCB3-7904-4300-BCD6-E34D275E6370}.Debug|Any CPU.ActiveCfg = Debug|Any CPU
		{0E40CCB3-7904-4300-BCD6-E34D275E6370}.Debug|Any CPU.Build.0 = Debug|Any CPU
		{0E40CCB3-7904-4300-BCD6-E34D275E6370}.DebugGAC|Any CPU.ActiveCfg = Debug|Any CPU
		{0E40CCB3-7904-4300-BCD6-E34D275E6370}.DebugGAC|Any CPU.Build.0 = Debug|Any CPU
		{0E40CCB3-7904-4300-BCD6-E34D275E6370}.Release|Any CPU.ActiveCfg = Release|Any CPU
		{0E40CCB3-7904-4300-BCD6-E34D275E6370}.Release|Any CPU.Build.0 = Release|Any CPU
		{107424FA-EE61-41B7-BA89-2FD0BC9BCEDE}.Debug|Any CPU.ActiveCfg = Debug|Any CPU
		{107424FA-EE61-41B7-BA89-2FD0BC9BCEDE}.Debug|Any CPU.Build.0 = Debug|Any CPU
		{107424FA-EE61-41B7-BA89-2FD0BC9BCEDE}.DebugGAC|Any CPU.ActiveCfg = DebugGAC|Any CPU
		{107424FA-EE61-41B7-BA89-2FD0BC9BCEDE}.DebugGAC|Any CPU.Build.0 = DebugGAC|Any CPU
		{107424FA-EE61-41B7-BA89-2FD0BC9BCEDE}.Release|Any CPU.ActiveCfg = Release|Any CPU
		{107424FA-EE61-41B7-BA89-2FD0BC9BCEDE}.Release|Any CPU.Build.0 = Release|Any CPU
		{A85F685A-F56F-4C9A-A5A3-C2444DB4FB78}.Debug|Any CPU.ActiveCfg = Debug|Any CPU
		{A85F685A-F56F-4C9A-A5A3-C2444DB4FB78}.Debug|Any CPU.Build.0 = Debug|Any CPU
		{A85F685A-F56F-4C9A-A5A3-C2444DB4FB78}.DebugGAC|Any CPU.ActiveCfg = Debug|Any CPU
		{A85F685A-F56F-4C9A-A5A3-C2444DB4FB78}.DebugGAC|Any CPU.Build.0 = Debug|Any CPU
		{A85F685A-F56F-4C9A-A5A3-C2444DB4FB78}.Release|Any CPU.ActiveCfg = Release|Any CPU
		{A85F685A-F56F-4C9A-A5A3-C2444DB4FB78}.Release|Any CPU.Build.0 = Release|Any CPU
		{3FA72CCB-7AA9-4CE6-B3BD-CE6554B2D4D7}.Debug|Any CPU.ActiveCfg = Debug|Any CPU
		{3FA72CCB-7AA9-4CE6-B3BD-CE6554B2D4D7}.Debug|Any CPU.Build.0 = Debug|Any CPU
		{3FA72CCB-7AA9-4CE6-B3BD-CE6554B2D4D7}.DebugGAC|Any CPU.ActiveCfg = Debug|Any CPU
		{3FA72CCB-7AA9-4CE6-B3BD-CE6554B2D4D7}.DebugGAC|Any CPU.Build.0 = Debug|Any CPU
		{3FA72CCB-7AA9-4CE6-B3BD-CE6554B2D4D7}.Release|Any CPU.ActiveCfg = Release|Any CPU
		{3FA72CCB-7AA9-4CE6-B3BD-CE6554B2D4D7}.Release|Any CPU.Build.0 = Release|Any CPU
	EndGlobalSection
	GlobalSection(SolutionProperties) = preSolution
		HideSolutionNode = FALSE
	EndGlobalSection
EndGlobal
